#
# This file is autogenerated by pip-compile with Python 3.14
# by the following command:
#
#    pip-compile --extra=dev --output-file=requirements.lock pyproject.toml
#
iniconfig==2.3.0
    # via pytest
packaging==26.2
    # via pytest
pluggy==1.6.0
    # via pytest
prompt-toolkit==3.0.52
    # via open-orchestra (pyproject.toml)
pygments==2.20.0
    # via pytest
pytest==9.0.3
    # via open-orchestra (pyproject.toml)
wcwidth==0.7.0
    # via prompt-toolkit
